
Microsoft Visual Studio Solution File, Format Version 12.00
# Visual Studio Version 17
VisualStudioVersion = 17.2.32616.157
MinimumVisualStudioVersion = 10.0.40219.1
Project("{FAE04EC0-301F-11D3-BF4B-00C04F79EFBC}") = "blazorApp.Server", "blazorApp\Server\blazorApp.Server.csproj", "{E45113FF-2E7D-416D-B22B-77E7EE448E65}"
EndProject
Project("{FAE04EC0-301F-11D3-BF4B-00C04F79EFBC}") = "blazorApp.Client", "blazorApp\Client\blazorApp.Client.csproj", "{AED78CF2-5583-4222-AF19-2FF4E92B81FB}"
EndProject
Project("{FAE04EC0-301F-11D3-BF4B-00C04F79EFBC}") = "blazorApp.Shared", "blazorApp\Shared\blazorApp.Shared.csproj", "{0B279A35-A006-46B8-AA99-5312F0B95A5F}"
EndProject
Global
	GlobalSection(SolutionConfigurationPlatforms) = preSolution
		Debug|Any CPU = Debug|Any CPU
		Release|Any CPU = Release|Any CPU
	EndGlobalSection
	GlobalSection(ProjectConfigurationPlatforms) = postSolution
		{E45113FF-2E7D-416D-B22B-77E7EE448E65}.Debug|Any CPU.ActiveCfg = Debug|Any CPU
		{E45113FF-2E7D-416D-B22B-77E7EE448E65}.Debug|Any CPU.Build.0 = Debug|Any CPU
		{E45113FF-2E7D-416D-B22B-77E7EE448E65}.Release|Any CPU.ActiveCfg = Release|Any CPU
		{E45113FF-2E7D-416D-B22B-77E7EE448E65}.Release|Any CPU.Build.0 = Release|Any CPU
		{AED78CF2-5583-4222-AF19-2FF4E92B81FB}.Debug|Any CPU.ActiveCfg = Debug|Any CPU
		{AED78CF2-5583-4222-AF19-2FF4E92B81FB}.Debug|Any CPU.Build.0 = Debug|Any CPU
		{AED78CF2-5583-4222-AF19-2FF4E92B81FB}.Release|Any CPU.ActiveCfg = Release|Any CPU
		{AED78CF2-5583-4222-AF19-2FF4E92B81FB}.Release|Any CPU.Build.0 = Release|Any CPU
		{0B279A35-A006-46B8-AA99-5312F0B95A5F}.Debug|Any CPU.ActiveCfg = Debug|Any CPU
		{0B279A35-A006-46B8-AA99-5312F0B95A5F}.Debug|Any CPU.Build.0 = Debug|Any CPU
		{0B279A35-A006-46B8-AA99-5312F0B95A5F}.Release|Any CPU.ActiveCfg = Release|Any CPU
		{0B279A35-A006-46B8-AA99-5312F0B95A5F}.Release|Any CPU.Build.0 = Release|Any CPU
	EndGlobalSection
	GlobalSection(SolutionProperties) = preSolution
		HideSolutionNode = FALSE
	EndGlobalSection
	GlobalSection(ExtensibilityGlobals) = postSolution
		SolutionGuid = {58CC73F9-7973-4CAB-B87F-BABE0DD2675C}
	EndGlobalSection
EndGlobal
